
Microsoft Visual Studio Solution File, Format Version 12.00
# Visual Studio 15
VisualStudioVersion = 15.0.28307.539
MinimumVisualStudioVersion = 10.0.40219.1
Project("{FAE04EC0-301F-11D3-BF4B-00C04F79EFBC}") = "ConsoleApp1", "ConsoleApp1\ConsoleApp1.csproj", "{9E4758A2-FD6B-467B-8C2A-23290015968D}"
EndProject
Project("{FAE04EC0-301F-11D3-BF4B-00C04F79EFBC}") = "PuppeteerSharp", "..\puppeteer-sharp-master\lib\PuppeteerSharp\PuppeteerSharp.csproj", "{B6452174-0E13-4B60-B0F6-062EA1B15B40}"
EndProject
Global
	GlobalSection(SolutionConfigurationPlatforms) = preSolution
		Debug|Any CPU = Debug|Any CPU
		Release|Any CPU = Release|Any CPU
	EndGlobalSection
	GlobalSection(ProjectConfigurationPlatforms) = postSolution
		{9E4758A2-FD6B-467B-8C2A-23290015968D}.Debug|Any CPU.ActiveCfg = Debug|Any CPU
		{9E4758A2-FD6B-467B-8C2A-23290015968D}.Debug|Any CPU.Build.0 = Debug|Any CPU
		{9E4758A2-FD6B-467B-8C2A-23290015968D}.Release|Any CPU.ActiveCfg = Release|Any CPU
		{9E4758A2-FD6B-467B-8C2A-23290015968D}.Release|Any CPU.Build.0 = Release|Any CPU
		{B6452174-0E13-4B60-B0F6-062EA1B15B40}.Debug|Any CPU.ActiveCfg = Debug|Any CPU
		{B6452174-0E13-4B60-B0F6-062EA1B15B40}.Debug|Any CPU.Build.0 = Debug|Any CPU
		{B6452174-0E13-4B60-B0F6-062EA1B15B40}.Release|Any CPU.ActiveCfg = Release|Any CPU
		{B6452174-0E13-4B60-B0F6-062EA1B15B40}.Release|Any CPU.Build.0 = Release|Any CPU
	EndGlobalSection
	GlobalSection(SolutionProperties) = preSolution
		HideSolutionNode = FALSE
	EndGlobalSection
	GlobalSection(ExtensibilityGlobals) = postSolution
		SolutionGuid = {527F6AD5-BF50-4893-8902-3BE0131BE150}
	EndGlobalSection
EndGlobal
